<Solution>
  <Folder Name="/src/">
    <Project Path="src/TarlaAsistani.API/TarlaAsistani.API.csproj" />
    <Project Path="src/TarlaAsistani.Application/TarlaAsistani.Application.csproj" />
    <Project Path="src/TarlaAsistani.Domain/TarlaAsistani.Domain.csproj" />
    <Project Path="src/TarlaAsistani.Infrastructure/TarlaAsistani.Infrastructure.csproj" />
  </Folder>
  <Folder Name="/tests/">
    <Project Path="tests/TarlaAsistani.IntegrationTests/TarlaAsistani.IntegrationTests.csproj" />
    <Project Path="tests/TarlaAsistani.UnitTests/TarlaAsistani.UnitTests.csproj" />
  </Folder>
</Solution>
